
Microsoft Visual Studio Solution File, Format Version 12.00
# Visual Studio Version 17
VisualStudioVersion = 17.6.33723.286
MinimumVisualStudioVersion = 10.0.40219.1
Project("{FAE04EC0-301F-11D3-BF4B-00C04F79EFBC}") = "ClientMagentoApi", "ClientMagentoApi\ClientMagentoApi.csproj", "{1D550D54-D1D5-4536-BC8B-84DB957710B1}"
EndProject
Global
	GlobalSection(SolutionConfigurationPlatforms) = preSolution
		Debug|Any CPU = Debug|Any CPU
		Release|Any CPU = Release|Any CPU
	EndGlobalSection
	GlobalSection(ProjectConfigurationPlatforms) = postSolution
		{1D550D54-D1D5-4536-BC8B-84DB957710B1}.Debug|Any CPU.ActiveCfg = Debug|Any CPU
		{1D550D54-D1D5-4536-BC8B-84DB957710B1}.Debug|Any CPU.Build.0 = Debug|Any CPU
		{1D550D54-D1D5-4536-BC8B-84DB957710B1}.Release|Any CPU.ActiveCfg = Release|Any CPU
		{1D550D54-D1D5-4536-BC8B-84DB957710B1}.Release|Any CPU.Build.0 = Release|Any CPU
	EndGlobalSection
	GlobalSection(SolutionProperties) = preSolution
		HideSolutionNode = FALSE
	EndGlobalSection
	GlobalSection(ExtensibilityGlobals) = postSolution
		SolutionGuid = {6EFB4AA7-8782-411A-BF35-47B39568355F}
	EndGlobalSection
EndGlobal
